
Microsoft Visual Studio Solution File, Format Version 12.00
# Visual Studio Version 16
VisualStudioVersion = 16.0.32228.343
MinimumVisualStudioVersion = 10.0.40219.1
Project("{FAE04EC0-301F-11D3-BF4B-00C04F79EFBC}") = "WindowsFormsApp1", "WindowsFormsApp1\WindowsFormsApp1.csproj", "{CA476528-D796-4A03-92DA-E2B76C96CD62}"
EndProject
Global
	GlobalSection(SolutionConfigurationPlatforms) = preSolution
		Debug|Any CPU = Debug|Any CPU
		Release|Any CPU = Release|Any CPU
	EndGlobalSection
	GlobalSection(ProjectConfigurationPlatforms) = postSolution
		{CA476528-D796-4A03-92DA-E2B76C96CD62}.Debug|Any CPU.ActiveCfg = Debug|Any CPU
		{CA476528-D796-4A03-92DA-E2B76C96CD62}.Debug|Any CPU.Build.0 = Debug|Any CPU
		{CA476528-D796-4A03-92DA-E2B76C96CD62}.Release|Any CPU.ActiveCfg = Release|Any CPU
		{CA476528-D796-4A03-92DA-E2B76C96CD62}.Release|Any CPU.Build.0 = Release|Any CPU
	EndGlobalSection
	GlobalSection(SolutionProperties) = preSolution
		HideSolutionNode = FALSE
	EndGlobalSection
	GlobalSection(ExtensibilityGlobals) = postSolution
		SolutionGuid = {B2EE3E25-4315-4B02-B259-F868EFEC8C85}
	EndGlobalSection
EndGlobal
